
Microsoft Visual Studio Solution File, Format Version 12.00
# Visual Studio Version 17
VisualStudioVersion = 17.14.36915.13 d17.14
MinimumVisualStudioVersion = 10.0.40219.1
Project("{FAE04EC0-301F-11D3-BF4B-00C04F79EFBC}") = "Drop&Resize", "Drop&Resize.csproj", "{0B49A622-E937-47F4-8A40-1E839F7E1C8A}"
EndProject
Project("{FAE04EC0-301F-11D3-BF4B-00C04F79EFBC}") = "Drop&Resize.Worker", "Drop&Resize.Worker\Drop&Resize.Worker.csproj", "{9C1C7A94-2269-4D1E-B629-1B50B4380A89}"
EndProject
Project("{FAE04EC0-301F-11D3-BF4B-00C04F79EFBC}") = "Drop&Resize.Updater", "Drop&Resize.Updater\Drop&Resize.Updater.csproj", "{9E0F44AF-625D-4A37-87F8-A082B7B6D4A4}"
EndProject
Global
	GlobalSection(SolutionConfigurationPlatforms) = preSolution
		Debug|Any CPU = Debug|Any CPU
		Release|Any CPU = Release|Any CPU
	EndGlobalSection
	GlobalSection(ProjectConfigurationPlatforms) = postSolution
		{0B49A622-E937-47F4-8A40-1E839F7E1C8A}.Debug|Any CPU.ActiveCfg = Debug|Any CPU
		{0B49A622-E937-47F4-8A40-1E839F7E1C8A}.Debug|Any CPU.Build.0 = Debug|Any CPU
		{0B49A622-E937-47F4-8A40-1E839F7E1C8A}.Release|Any CPU.ActiveCfg = Release|Any CPU
		{0B49A622-E937-47F4-8A40-1E839F7E1C8A}.Release|Any CPU.Build.0 = Release|Any CPU
		{9C1C7A94-2269-4D1E-B629-1B50B4380A89}.Debug|Any CPU.ActiveCfg = Debug|Any CPU
		{9C1C7A94-2269-4D1E-B629-1B50B4380A89}.Debug|Any CPU.Build.0 = Debug|Any CPU
		{9C1C7A94-2269-4D1E-B629-1B50B4380A89}.Release|Any CPU.ActiveCfg = Release|Any CPU
		{9C1C7A94-2269-4D1E-B629-1B50B4380A89}.Release|Any CPU.Build.0 = Release|Any CPU
		{9E0F44AF-625D-4A37-87F8-A082B7B6D4A4}.Debug|Any CPU.ActiveCfg = Debug|Any CPU
		{9E0F44AF-625D-4A37-87F8-A082B7B6D4A4}.Debug|Any CPU.Build.0 = Debug|Any CPU
		{9E0F44AF-625D-4A37-87F8-A082B7B6D4A4}.Release|Any CPU.ActiveCfg = Release|Any CPU
		{9E0F44AF-625D-4A37-87F8-A082B7B6D4A4}.Release|Any CPU.Build.0 = Release|Any CPU
	EndGlobalSection
	GlobalSection(SolutionProperties) = preSolution
		HideSolutionNode = FALSE
	EndGlobalSection
	GlobalSection(ExtensibilityGlobals) = postSolution
		SolutionGuid = {375E99A6-E238-4474-A82F-B021FB3091F2}
	EndGlobalSection
EndGlobal
